
Microsoft Visual Studio Solution File, Format Version 12.00
# Visual Studio Version 16
VisualStudioVersion = 16.0.32802.440
MinimumVisualStudioVersion = 10.0.40219.1
Project("{FAE04EC0-301F-11D3-BF4B-00C04F79EFBC}") = "Project 2 IoT Devices Management", "Project 2 IoT Devices Management\Project 2 IoT Devices Management.csproj", "{3AD64EF7-E459-4490-B623-B9A0A07888D1}"
EndProject
Global
	GlobalSection(SolutionConfigurationPlatforms) = preSolution
		Debug|Any CPU = Debug|Any CPU
		Release|Any CPU = Release|Any CPU
	EndGlobalSection
	GlobalSection(ProjectConfigurationPlatforms) = postSolution
		{3AD64EF7-E459-4490-B623-B9A0A07888D1}.Debug|Any CPU.ActiveCfg = Debug|Any CPU
		{3AD64EF7-E459-4490-B623-B9A0A07888D1}.Debug|Any CPU.Build.0 = Debug|Any CPU
		{3AD64EF7-E459-4490-B623-B9A0A07888D1}.Release|Any CPU.ActiveCfg = Release|Any CPU
		{3AD64EF7-E459-4490-B623-B9A0A07888D1}.Release|Any CPU.Build.0 = Release|Any CPU
	EndGlobalSection
	GlobalSection(SolutionProperties) = preSolution
		HideSolutionNode = FALSE
	EndGlobalSection
	GlobalSection(ExtensibilityGlobals) = postSolution
		SolutionGuid = {7BCC76E2-4190-42BE-8606-FCD785592726}
	EndGlobalSection
EndGlobal
